###################################################################################################
##
##  DO NOT EDIT THIS FILE.
##  This is a locked requirements file generated by pyorbs.
##
##  Requirements hash: 606fb8ace4e8dcd8d98acd489f6ecbb2b85f5eb8ea94aa12f6b95d938ea72451
##
###################################################################################################
ansible==10.5.0
ansible-core==2.17.5
cffi==1.17.1
cryptography==43.0.3
Jinja2==3.1.4
MarkupSafe==3.0.2
packaging==24.1
pip==24.2
pycparser==2.22
PyYAML==6.0.2
resolvelib==1.0.1
setuptools==75.2.0
wheel==0.44.0
