###################################################################################################
##
##  DO NOT EDIT THIS FILE.
##  This is a locked requirements file generated by pyorbs.
##
##  Requirements hash: 8dffffdd8f985e04236e6c83d22f7dc686d52e32f60281c2f76f14623617efa3
##
###################################################################################################
ansible==13.3.0
ansible-core==2.20.2
cffi==2.0.0
cryptography==46.0.4
Jinja2==3.1.6
MarkupSafe==3.0.3
packaging==26.0
pip==26.0
pycparser==3.0
PyYAML==6.0.3
resolvelib==1.2.1
setuptools==80.10.2
wheel==0.46.3
