###################################################################################################
##
##  DO NOT EDIT THIS FILE.
##  This is a locked requirements file generated by pyorbs.
##
##  Requirements hash: f59714c824fb2c3ff0f6f483642c64791eb464d6e9d42dea127e9e8094a47eb2
##
###################################################################################################
ansible==6.7.0
ansible-core==2.13.10
cffi==1.15.1
cryptography==41.0.1
Jinja2==3.1.2
MarkupSafe==2.1.3
packaging==23.1
pip==23.1.2
pycparser==2.21
PyYAML==6.0
resolvelib==0.8.1
setuptools==68.0.0
wheel==0.40.0
